
Microsoft Visual Studio Solution File, Format Version 12.00
# Visual Studio 2013
VisualStudioVersion = 12.0.30723.0
MinimumVisualStudioVersion = 10.0.40219.1
Project("{F184B08F-C81C-45F6-A57F-5ABD9991F28F}") = "Backuper", "Backuper\Backuper.vbproj", "{E3F5CDBB-17DD-4C50-B937-56E61FE35366}"
EndProject
Project("{F184B08F-C81C-45F6-A57F-5ABD9991F28F}") = "sndir", "sndir\sndir.vbproj", "{A8C50937-9D85-4337-99FC-BCF34D13F7A3}"
EndProject
Global
	GlobalSection(SolutionConfigurationPlatforms) = preSolution
		Debug|Any CPU = Debug|Any CPU
		Release|Any CPU = Release|Any CPU
	EndGlobalSection
	GlobalSection(ProjectConfigurationPlatforms) = postSolution
		{E3F5CDBB-17DD-4C50-B937-56E61FE35366}.Debug|Any CPU.ActiveCfg = Debug|Any CPU
		{E3F5CDBB-17DD-4C50-B937-56E61FE35366}.Debug|Any CPU.Build.0 = Debug|Any CPU
		{E3F5CDBB-17DD-4C50-B937-56E61FE35366}.Release|Any CPU.ActiveCfg = Release|Any CPU
		{E3F5CDBB-17DD-4C50-B937-56E61FE35366}.Release|Any CPU.Build.0 = Release|Any CPU
		{A8C50937-9D85-4337-99FC-BCF34D13F7A3}.Debug|Any CPU.ActiveCfg = Debug|Any CPU
		{A8C50937-9D85-4337-99FC-BCF34D13F7A3}.Debug|Any CPU.Build.0 = Debug|Any CPU
		{A8C50937-9D85-4337-99FC-BCF34D13F7A3}.Release|Any CPU.ActiveCfg = Release|Any CPU
		{A8C50937-9D85-4337-99FC-BCF34D13F7A3}.Release|Any CPU.Build.0 = Release|Any CPU
	EndGlobalSection
	GlobalSection(SolutionProperties) = preSolution
		HideSolutionNode = FALSE
	EndGlobalSection
EndGlobal
